
Microsoft Visual Studio Solution File, Format Version 11.00
# Visual Studio 2010
Project("{FAE04EC0-301F-11D3-BF4B-00C04F79EFBC}") = "JaktLogg", "Jaktlogg\JaktLogg.csproj", "{321BD748-81B0-4E86-957B-189A24418B82}"
EndProject
Global
	GlobalSection(SolutionConfigurationPlatforms) = preSolution
		Debug|iPhoneSimulator = Debug|iPhoneSimulator
		Release|iPhoneSimulator = Release|iPhoneSimulator
		Debug|iPhone = Debug|iPhone
		Release|iPhone = Release|iPhone
		Ad-Hoc|iPhone = Ad-Hoc|iPhone
	EndGlobalSection
	GlobalSection(ProjectConfigurationPlatforms) = postSolution
		{321BD748-81B0-4E86-957B-189A24418B82}.Ad-Hoc|iPhone.ActiveCfg = Ad-Hoc|iPhone
		{321BD748-81B0-4E86-957B-189A24418B82}.Ad-Hoc|iPhone.Build.0 = Ad-Hoc|iPhone
		{321BD748-81B0-4E86-957B-189A24418B82}.Debug|iPhone.ActiveCfg = Debug|iPhone
		{321BD748-81B0-4E86-957B-189A24418B82}.Debug|iPhone.Build.0 = Debug|iPhone
		{321BD748-81B0-4E86-957B-189A24418B82}.Debug|iPhoneSimulator.ActiveCfg = Debug|iPhoneSimulator
		{321BD748-81B0-4E86-957B-189A24418B82}.Debug|iPhoneSimulator.Build.0 = Debug|iPhoneSimulator
		{321BD748-81B0-4E86-957B-189A24418B82}.Release|iPhone.ActiveCfg = Release|iPhone
		{321BD748-81B0-4E86-957B-189A24418B82}.Release|iPhone.Build.0 = Release|iPhone
		{321BD748-81B0-4E86-957B-189A24418B82}.Release|iPhoneSimulator.ActiveCfg = Release|iPhoneSimulator
		{321BD748-81B0-4E86-957B-189A24418B82}.Release|iPhoneSimulator.Build.0 = Release|iPhoneSimulator
	EndGlobalSection
	GlobalSection(MonoDevelopProperties) = preSolution
		StartupItem = Jaktlogg\JaktLogg.csproj
	EndGlobalSection
EndGlobal
